// !$*UTF8*$!
{
	archiveVersion = 1;
	classes = {
	};
	objectVersion = 46;
	objects = {

/* Begin PBXBuildFile section */
		10AF81861F7470C8003CD95C /* AppDelegate.swift in Sources */ = {isa = PBXBuildFile; fileRef = 10AF81851F7470C8003CD95C /* AppDelegate.swift */; };
		10AF81881F7470C8003CD95C /* ViewController.swift in Sources */ = {isa = PBXBuildFile; fileRef = 10AF81871F7470C8003CD95C /* ViewController.swift */; };
		10AF818B1F7470C8003CD95C /* Main.storyboard in Resources */ = {isa = PBXBuildFile; fileRef = 10AF81891F7470C8003CD95C /* Main.storyboard */; };
		10AF818D1F7470C8003CD95C /* Assets.xcassets in Resources */ = {isa = PBXBuildFile; fileRef = 10AF818C1F7470C8003CD95C /* Assets.xcassets */; };
		10AF81901F7470C8003CD95C /* LaunchScreen.storyboard in Resources */ = {isa = PBXBuildFile; fileRef = 10AF818E1F7470C8003CD95C /* LaunchScreen.storyboard */; };
		10AF819B1F7470C9003CD95C /* Project1Tests.swift in Sources */ = {isa = PBXBuildFile; fileRef = 10AF819A1F7470C9003CD95C /* Project1Tests.swift */; };
		10AF81A61F7470C9003CD95C /* Project1UITests.swift in Sources */ = {isa = PBXBuildFile; fileRef = 10AF81A51F7470C9003CD95C /* Project1UITests.swift */; };
/* End PBXBuildFile section */

/* Begin PBXContainerItemProxy section */
		10AF81971F7470C9003CD95C /* PBXContainerItemProxy */ = {
			isa = PBXContainerItemProxy;
			containerPortal = 10AF817A1F7470C8003CD95C /* Project object */;
			proxyType = 1;
			remoteGlobalIDString = 10AF81811F7470C8003CD95C;
			remoteInfo = Project1;
		};
		10AF81A21F7470C9003CD95C /* PBXContainerItemProxy */ = {
			isa = PBXContainerItemProxy;
			containerPortal = 10AF817A1F7470C8003CD95C /* Project object */;
			proxyType = 1;
			remoteGlobalIDString = 10AF81811F7470C8003CD95C;
			remoteInfo = Project1;
		};
/* End PBXContainerItemProxy section */

/* Begin PBXFileReference section */
		10AF81821F7470C8003CD95C /* Project1.app */ = {isa = PBXFileReference; explicitFileType = wrapper.application; includeInIndex = 0; path = Project1.app; sourceTree = BUILT_PRODUCTS_DIR; };
		10AF81851F7470C8003CD95C /* AppDelegate.swift */ = {isa = PBXFileReference; lastKnownFileType = sourcecode.swift; path = AppDelegate.swift; sourceTree = "<group>"; };
		10AF81871F7470C8003CD95C /* ViewController.swift */ = {isa = PBXFileReference; lastKnownFileType = sourcecode.swift; path = ViewController.swift; sourceTree = "<group>"; };
		10AF818A1F7470C8003CD95C /* Base */ = {isa = PBXFileReference; lastKnownFileType = file.storyboard; name = Base; path = Base.lproj/Main.storyboard; sourceTree = "<group>"; };
		10AF818C1F7470C8003CD95C /* Assets.xcassets */ = {isa = PBXFileReference; lastKnownFileType = folder.assetcatalog; path = Assets.xcassets; sourceTree = "<group>"; };
		10AF818F1F7470C8003CD95C /* Base */ = {isa = PBXFileReference; lastKnownFileType = file.storyboard; name = Base; path = Base.lproj/LaunchScreen.storyboard; sourceTree = "<group>"; };
		10AF81911F7470C8003CD95C /* Info.plist */ = {isa = PBXFileReference; lastKnownFileType = text.plist.xml; path = Info.plist; sourceTree = "<group>"; };
		10AF81961F7470C9003CD95C /* Project1Tests.xctest */ = {isa = PBXFileReference; explicitFileType = wrapper.cfbundle; includeInIndex = 0; path = Project1Tests.xctest; sourceTree = BUILT_PRODUCTS_DIR; };
		10AF819A1F7470C9003CD95C /* Project1Tests.swift */ = {isa = PBXFileReference; lastKnownFileType = sourcecode.swift; path = Project1Tests.swift; sourceTree = "<group>"; };
		10AF819C1F7470C9003CD95C /* Info.plist */ = {isa = PBXFileReference; lastKnownFileType = text.plist.xml; path = Info.plist; sourceTree = "<group>"; };
		10AF81A11F7470C9003CD95C /* Project1UITests.xctest */ = {isa = PBXFileReference; explicitFileType = wrapper.cfbundle; includeInIndex = 0; path = Project1UITests.xctest; sourceTree = BUILT_PRODUCTS_DIR; };
		10AF81A51F7470C9003CD95C /* Project1UITests.swift */ = {isa = PBXFileReference; lastKnownFileType = sourcecode.swift; path = Project1UITests.swift; sourceTree = "<group>"; };
		10AF81A71F7470C9003CD95C /* Info.plist */ = {isa = PBXFileReference; lastKnownFileType = text.plist.xml; path = Info.plist; sourceTree = "<group>"; };
/* End PBXFileReference section */

/* Begin PBXFrameworksBuildPhase section */
		10AF817F1F7470C8003CD95C /* Frameworks */ = {
			isa = PBXFrameworksBuildPhase;
			buildActionMask = 2147483647;
			files = (
			);
			runOnlyForDeploymentPostprocessing = 0;
		};
		10AF81931F7470C9003CD95C /* Frameworks */ = {
			isa = PBXFrameworksBuildPhase;
			buildActionMask = 2147483647;
			files = (
			);
			runOnlyForDeploymentPostprocessing = 0;
		};
		10AF819E1F7470C9003CD95C /* Frameworks */ = {
			isa = PBXFrameworksBuildPhase;
			buildActionMask = 2147483647;
			files = (
			);
			runOnlyForDeploymentPostprocessing = 0;
		};
/* End PBXFrameworksBuildPhase section */

/* Begin PBXGroup section */
		10AF81791F7470C8003CD95C = {
			isa = PBXGroup;
			children = (
				10AF81841F7470C8003CD95C /* Project1 */,
				10AF81991F7470C9003CD95C /* Project1Tests */,
				10AF81A41F7470C9003CD95C /* Project1UITests */,
				10AF81831F7470C8003CD95C /* Products */,
			);
			sourceTree = "<group>";
		};
		10AF81831F7470C8003CD95C /* Products */ = {
			isa = PBXGroup;
			children = (
				10AF81821F7470C8003CD95C /* Project1.app */,
				10AF81961F7470C9003CD95C /* Project1Tests.xctest */,
				10AF81A11F7470C9003CD95C /* Project1UITests.xctest */,
			);
			name = Products;
			sourceTree = "<group>";
		};
		10AF81841F7470C8003CD95C /* Project1 */ = {
			isa = PBXGroup;
			children = (
				10AF81851F7470C8003CD95C /* AppDelegate.swift */,
				10AF81871F7470C8003CD95C /* ViewController.swift */,
				10AF81891F7470C8003CD95C /* Main.storyboard */,
				10AF818C1F7470C8003CD95C /* Assets.xcassets */,
				10AF818E1F7470C8003CD95C /* LaunchScreen.storyboard */,
				10AF81911F7470C8003CD95C /* Info.plist */,
			);
			path = Project1;
			sourceTree = "<group>";
		};
		10AF81991F7470C9003CD95C /* Project1Tests */ = {
			isa = PBXGroup;
			children = (
				10AF819A1F7470C9003CD95C /* Project1Tests.swift */,
				10AF819C1F7470C9003CD95C /* Info.plist */,
			);
			path = Project1Tests;
			sourceTree = "<group>";
		};
		10AF81A41F7470C9003CD95C /* Project1UITests */ = {
			isa = PBXGroup;
			children = (
				10AF81A51F7470C9003CD95C /* Project1UITests.swift */,
				10AF81A71F7470C9003CD95C /* Info.plist */,
			);
			path = Project1UITests;
			sourceTree = "<group>";
		};
/* End PBXGroup section */

/* Begin PBXNativeTarget section */
		10AF81811F7470C8003CD95C /* Project1 */ = {
			isa = PBXNativeTarget;
			buildConfigurationList = 10AF81AA1F7470C9003CD95C /* Build configuration list for PBXNativeTarget "Project1" */;
			buildPhases = (
				10AF817E1F7470C8003CD95C /* Sources */,
				10AF817F1F7470C8003CD95C /* Frameworks */,
				10AF81801F7470C8003CD95C /* Resources */,
			);
			buildRules = (
			);
			dependencies = (
			);
			name = Project1;
			productName = Project1;
			productReference = 10AF81821F7470C8003CD95C /* Project1.app */;
			productType = "com.apple.product-type.application";
		};
		10AF81951F7470C9003CD95C /* Project1Tests */ = {
			isa = PBXNativeTarget;
			buildConfigurationList = 10AF81AD1F7470C9003CD95C /* Build configuration list for PBXNativeTarget "Project1Tests" */;
			buildPhases = (
				10AF81921F7470C9003CD95C /* Sources */,
				10AF81931F7470C9003CD95C /* Frameworks */,
				10AF81941F7470C9003CD95C /* Resources */,
			);
			buildRules = (
			);
			dependencies = (
				10AF81981F7470C9003CD95C /* PBXTargetDependency */,
			);
			name = Project1Tests;
			productName = Project1Tests;
			productReference = 10AF81961F7470C9003CD95C /* Project1Tests.xctest */;
			productType = "com.apple.product-type.bundle.unit-test";
		};
		10AF81A01F7470C9003CD95C /* Project1UITests */ = {
			isa = PBXNativeTarget;
			buildConfigurationList = 10AF81B01F7470C9003CD95C /* Build configuration list for PBXNativeTarget "Project1UITests" */;
			buildPhases = (
				10AF819D1F7470C9003CD95C /* Sources */,
				10AF819E1F7470C9003CD95C /* Frameworks */,
				10AF819F1F7470C9003CD95C /* Resources */,
			);
			buildRules = (
			);
			dependencies = (
				10AF81A31F7470C9003CD95C /* PBXTargetDependency */,
			);
			name = Project1UITests;
			productName = Project1UITests;
			productReference = 10AF81A11F7470C9003CD95C /* Project1UITests.xctest */;
			productType = "com.apple.product-type.bundle.ui-testing";
		};
/* End PBXNativeTarget section */

/* Begin PBXProject section */
		10AF817A1F7470C8003CD95C /* Project object */ = {
			isa = PBXProject;
			attributes = {
				LastSwiftUpdateCheck = 0830;
				LastUpgradeCheck = 0830;
				ORGANIZATIONNAME = jwilson;
				TargetAttributes = {
					10AF81811F7470C8003CD95C = {
						CreatedOnToolsVersion = 8.3.3;
						ProvisioningStyle = Automatic;
					};
					10AF81951F7470C9003CD95C = {
						CreatedOnToolsVersion = 8.3.3;
						ProvisioningStyle = Automatic;
						TestTargetID = 10AF81811F7470C8003CD95C;
					};
					10AF81A01F7470C9003CD95C = {
						CreatedOnToolsVersion = 8.3.3;
						ProvisioningStyle = Automatic;
						TestTargetID = 10AF81811F7470C8003CD95C;
					};
				};
			};
			buildConfigurationList = 10AF817D1F7470C8003CD95C /* Build configuration list for PBXProject "Project1" */;
			compatibilityVersion = "Xcode 3.2";
			developmentRegion = English;
			hasScannedForEncodings = 0;
			knownRegions = (
				en,
				Base,
			);
			mainGroup = 10AF81791F7470C8003CD95C;
			productRefGroup = 10AF81831F7470C8003CD95C /* Products */;
			projectDirPath = "";
			projectRoot = "";
			targets = (
				10AF81811F7470C8003CD95C /* Project1 */,
				10AF81951F7470C9003CD95C /* Project1Tests */,
				10AF81A01F7470C9003CD95C /* Project1UITests */,
			);
		};
/* End PBXProject section */

/* Begin PBXResourcesBuildPhase section */
		10AF81801F7470C8003CD95C /* Resources */ = {
			isa = PBXResourcesBuildPhase;
			buildActionMask = 2147483647;
			files = (
				10AF81901F7470C8003CD95C /* LaunchScreen.storyboard in Resources */,
				10AF818D1F7470C8003CD95C /* Assets.xcassets in Resources */,
				10AF818B1F7470C8003CD95C /* Main.storyboard in Resources */,
			);
			runOnlyForDeploymentPostprocessing = 0;
		};
		10AF81941F7470C9003CD95C /* Resources */ = {
			isa = PBXResourcesBuildPhase;
			buildActionMask = 2147483647;
			files = (
			);
			runOnlyForDeploymentPostprocessing = 0;
		};
		10AF819F1F7470C9003CD95C /* Resources */ = {
			isa = PBXResourcesBuildPhase;
			buildActionMask = 2147483647;
			files = (
			);
			runOnlyForDeploymentPostprocessing = 0;
		};
/* End PBXResourcesBuildPhase section */

/* Begin PBXSourcesBuildPhase section */
		10AF817E1F7470C8003CD95C /* Sources */ = {
			isa = PBXSourcesBuildPhase;
			buildActionMask = 2147483647;
			files = (
				10AF81881F7470C8003CD95C /* ViewController.swift in Sources */,
				10AF81861F7470C8003CD95C /* AppDelegate.swift in Sources */,
			);
			runOnlyForDeploymentPostprocessing = 0;
		};
		10AF81921F7470C9003CD95C /* Sources */ = {
			isa = PBXSourcesBuildPhase;
			buildActionMask = 2147483647;
			files = (
				10AF819B1F7470C9003CD95C /* Project1Tests.swift in Sources */,
			);
			runOnlyForDeploymentPostprocessing = 0;
		};
		10AF819D1F7470C9003CD95C /* Sources */ = {
			isa = PBXSourcesBuildPhase;
			buildActionMask = 2147483647;
			files = (
				10AF81A61F7470C9003CD95C /* Project1UITests.swift in Sources */,
			);
			runOnlyForDeploymentPostprocessing = 0;
		};
/* End PBXSourcesBuildPhase section */

/* Begin PBXTargetDependency section */
		10AF81981F7470C9003CD95C /* PBXTargetDependency */ = {
			isa = PBXTargetDependency;
			target = 10AF81811F7470C8003CD95C /* Project1 */;
			targetProxy = 10AF81971F7470C9003CD95C /* PBXContainerItemProxy */;
		};
		10AF81A31F7470C9003CD95C /* PBXTargetDependency */ = {
			isa = PBXTargetDependency;
			target = 10AF81811F7470C8003CD95C /* Project1 */;
			targetProxy = 10AF81A21F7470C9003CD95C /* PBXContainerItemProxy */;
		};
/* End PBXTargetDependency section */

/* Begin PBXVariantGroup section */
		10AF81891F7470C8003CD95C /* Main.storyboard */ = {
			isa = PBXVariantGroup;
			children = (
				10AF818A1F7470C8003CD95C /* Base */,
			);
			name = Main.storyboard;
			sourceTree = "<group>";
		};
		10AF818E1F7470C8003CD95C /* LaunchScreen.storyboard */ = {
			isa = PBXVariantGroup;
			children = (
				10AF818F1F7470C8003CD95C /* Base */,
			);
			name = LaunchScreen.storyboard;
			sourceTree = "<group>";
		};
/* End PBXVariantGroup section */

/* Begin XCBuildConfiguration section */
		10AF81A81F7470C9003CD95C /* Debug */ = {
			isa = XCBuildConfiguration;
			buildSettings = {
				ALWAYS_SEARCH_USER_PATHS = NO;
				CLANG_ANALYZER_NONNULL = YES;
				CLANG_ANALYZER_NUMBER_OBJECT_CONVERSION = YES_AGGRESSIVE;
				CLANG_CXX_LANGUAGE_STANDARD = "gnu++0x";
				CLANG_CXX_LIBRARY = "libc++";
				CLANG_ENABLE_MODULES = YES;
				CLANG_ENABLE_OBJC_ARC = YES;
				CLANG_WARN_BOOL_CONVERSION = YES;
				CLANG_WARN_CONSTANT_CONVERSION = YES;
				CLANG_WARN_DIRECT_OBJC_ISA_USAGE = YES_ERROR;
				CLANG_WARN_DOCUMENTATION_COMMENTS = YES;
				CLANG_WARN_EMPTY_BODY = YES;
				CLANG_WARN_ENUM_CONVERSION = YES;
				CLANG_WARN_INFINITE_RECURSION = YES;
				CLANG_WARN_INT_CONVERSION = YES;
				CLANG_WARN_OBJC_ROOT_CLASS = YES_ERROR;
				CLANG_WARN_SUSPICIOUS_MOVE = YES;
				CLANG_WARN_UNREACHABLE_CODE = YES;
				CLANG_WARN__DUPLICATE_METHOD_MATCH = YES;
				"CODE_SIGN_IDENTITY[sdk=iphoneos*]" = "iPhone Developer";
				COPY_PHASE_STRIP = NO;
				DEBUG_INFORMATION_FORMAT = dwarf;
				ENABLE_STRICT_OBJC_MSGSEND = YES;
				ENABLE_TESTABILITY = YES;
				GCC_C_LANGUAGE_STANDARD = gnu99;
				GCC_DYNAMIC_NO_PIC = NO;
				GCC_NO_COMMON_BLOCKS = YES;
				GCC_OPTIMIZATION_LEVEL = 0;
				GCC_PREPROCESSOR_DEFINITIONS = (
					"DEBUG=1",
					"$(inherited)",
				);
				GCC_WARN_64_TO_32_BIT_CONVERSION = YES;
				GCC_WARN_ABOUT_RETURN_TYPE = YES_ERROR;
				GCC_WARN_UNDECLARED_SELECTOR = YES;
				GCC_WARN_UNINITIALIZED_AUTOS = YES_AGGRESSIVE;
				GCC_WARN_UNUSED_FUNCTION = YES;
				GCC_WARN_UNUSED_VARIABLE = YES;
				IPHONEOS_DEPLOYMENT_TARGET = 10.3;
				MTL_ENABLE_DEBUG_INFO = YES;
				ONLY_ACTIVE_ARCH = YES;
				SDKROOT = iphoneos;
				SWIFT_ACTIVE_COMPILATION_CONDITIONS = DEBUG;
				SWIFT_OPTIMIZATION_LEVEL = "-Onone";
				TARGETED_DEVICE_FAMILY = "1,2";
			};
			name = Debug;
		};
		10AF81A91F7470C9003CD95C /* Release */ = {
			isa = XCBuildConfiguration;
			buildSettings = {
				ALWAYS_SEARCH_USER_PATHS = NO;
				CLANG_ANALYZER_NONNULL = YES;
				CLANG_ANALYZER_NUMBER_OBJECT_CONVERSION = YES_AGGRESSIVE;
				CLANG_CXX_LANGUAGE_STANDARD = "gnu++0x";
				CLANG_CXX_LIBRARY = "libc++";
				CLANG_ENABLE_MODULES = YES;
				CLANG_ENABLE_OBJC_ARC = YES;
				CLANG_WARN_BOOL_CONVERSION = YES;
				CLANG_WARN_CONSTANT_CONVERSION = YES;
				CLANG_WARN_DIRECT_OBJC_ISA_USAGE = YES_ERROR;
				CLANG_WARN_DOCUMENTATION_COMMENTS = YES;
				CLANG_WARN_EMPTY_BODY = YES;
				CLANG_WARN_ENUM_CONVERSION = YES;
				CLANG_WARN_INFINITE_RECURSION = YES;
				CLANG_WARN_INT_CONVERSION = YES;
				CLANG_WARN_OBJC_ROOT_CLASS = YES_ERROR;
				CLANG_WARN_SUSPICIOUS_MOVE = YES;
				CLANG_WARN_UNREACHABLE_CODE = YES;
				CLANG_WARN__DUPLICATE_METHOD_MATCH = YES;
				"CODE_SIGN_IDENTITY[sdk=iphoneos*]" = "iPhone Developer";
				COPY_PHASE_STRIP = NO;
				DEBUG_INFORMATION_FORMAT = "dwarf-with-dsym";
				ENABLE_NS_ASSERTIONS = NO;
				ENABLE_STRICT_OBJC_MSGSEND = YES;
				GCC_C_LANGUAGE_STANDARD = gnu99;
				GCC_NO_COMMON_BLOCKS = YES;
				GCC_WARN_64_TO_32_BIT_CONVERSION = YES;
				GCC_WARN_ABOUT_RETURN_TYPE = YES_ERROR;
				GCC_WARN_UNDECLARED_SELECTOR = YES;
				GCC_WARN_UNINITIALIZED_AUTOS = YES_AGGRESSIVE;
				GCC_WARN_UNUSED_FUNCTION = YES;
				GCC_WARN_UNUSED_VARIABLE = YES;
				IPHONEOS_DEPLOYMENT_TARGET = 10.3;
				MTL_ENABLE_DEBUG_INFO = NO;
				SDKROOT = iphoneos;
				SWIFT_OPTIMIZATION_LEVEL = "-Owholemodule";
				TARGETED_DEVICE_FAMILY = "1,2";
				VALIDATE_PRODUCT = YES;
			};
			name = Release;
		};
		10AF81AB1F7470C9003CD95C /* Debug */ = {
			isa = XCBuildConfiguration;
			buildSettings = {
				ASSETCATALOG_COMPILER_APPICON_NAME = AppIcon;
				INFOPLIST_FILE = Project1/Info.plist;
				LD_RUNPATH_SEARCH_PATHS = "$(inherited) @executable_path/Frameworks";
				PRODUCT_BUNDLE_IDENTIFIER = iOS.Project1;
				PRODUCT_NAME = "$(TARGET_NAME)";
				SWIFT_VERSION = 3.0;
			};
			name = Debug;
		};
		10AF81AC1F7470C9003CD95C /* Release */ = {
			isa = XCBuildConfiguration;
			buildSettings = {
				ASSETCATALOG_COMPILER_APPICON_NAME = AppIcon;
				INFOPLIST_FILE = Project1/Info.plist;
				LD_RUNPATH_SEARCH_PATHS = "$(inherited) @executable_path/Frameworks";
				PRODUCT_BUNDLE_IDENTIFIER = iOS.Project1;
				PRODUCT_NAME = "$(TARGET_NAME)";
				SWIFT_VERSION = 3.0;
			};
			name = Release;
		};
		10AF81AE1F7470C9003CD95C /* Debug */ = {
			isa = XCBuildConfiguration;
			buildSettings = {
				ALWAYS_EMBED_SWIFT_STANDARD_LIBRARIES = YES;
				BUNDLE_LOADER = "$(TEST_HOST)";
				INFOPLIST_FILE = Project1Tests/Info.plist;
				LD_RUNPATH_SEARCH_PATHS = "$(inherited) @executable_path/Frameworks @loader_path/Frameworks";
				PRODUCT_BUNDLE_IDENTIFIER = iOS.Project1Tests;
				PRODUCT_NAME = "$(TARGET_NAME)";
				SWIFT_VERSION = 3.0;
				TEST_HOST = "$(BUILT_PRODUCTS_DIR)/Project1.app/Project1";
			};
			name = Debug;
		};
		10AF81AF1F7470C9003CD95C /* Release */ = {
			isa = XCBuildConfiguration;
			buildSettings = {
				ALWAYS_EMBED_SWIFT_STANDARD_LIBRARIES = YES;
				BUNDLE_LOADER = "$(TEST_HOST)";
				INFOPLIST_FILE = Project1Tests/Info.plist;
				LD_RUNPATH_SEARCH_PATHS = "$(inherited) @executable_path/Frameworks @loader_path/Frameworks";
				PRODUCT_BUNDLE_IDENTIFIER = iOS.Project1Tests;
				PRODUCT_NAME = "$(TARGET_NAME)";
				SWIFT_VERSION = 3.0;
				TEST_HOST = "$(BUILT_PRODUCTS_DIR)/Project1.app/Project1";
			};
			name = Release;
		};
		10AF81B11F7470C9003CD95C /* Debug */ = {
			isa = XCBuildConfiguration;
			buildSettings = {
				ALWAYS_EMBED_SWIFT_STANDARD_LIBRARIES = YES;
				INFOPLIST_FILE = Project1UITests/Info.plist;
				LD_RUNPATH_SEARCH_PATHS = "$(inherited) @executable_path/Frameworks @loader_path/Frameworks";
				PRODUCT_BUNDLE_IDENTIFIER = iOS.Project1UITests;
				PRODUCT_NAME = "$(TARGET_NAME)";
				SWIFT_VERSION = 3.0;
				TEST_TARGET_NAME = Project1;
			};
			name = Debug;
		};
		10AF81B21F7470C9003CD95C /* Release */ = {
			isa = XCBuildConfiguration;
			buildSettings = {
				ALWAYS_EMBED_SWIFT_STANDARD_LIBRARIES = YES;
				INFOPLIST_FILE = Project1UITests/Info.plist;
				LD_RUNPATH_SEARCH_PATHS = "$(inherited) @executable_path/Frameworks @loader_path/Frameworks";
				PRODUCT_BUNDLE_IDENTIFIER = iOS.Project1UITests;
				PRODUCT_NAME = "$(TARGET_NAME)";
				SWIFT_VERSION = 3.0;
				TEST_TARGET_NAME = Project1;
			};
			name = Release;
		};
/* End XCBuildConfiguration section */

/* Begin XCConfigurationList section */
		10AF817D1F7470C8003CD95C /* Build configuration list for PBXProject "Project1" */ = {
			isa = XCConfigurationList;
			buildConfigurations = (
				10AF81A81F7470C9003CD95C /* Debug */,
				10AF81A91F7470C9003CD95C /* Release */,
			);
			defaultConfigurationIsVisible = 0;
			defaultConfigurationName = Release;
		};
		10AF81AA1F7470C9003CD95C /* Build configuration list for PBXNativeTarget "Project1" */ = {
			isa = XCConfigurationList;
			buildConfigurations = (
				10AF81AB1F7470C9003CD95C /* Debug */,
				10AF81AC1F7470C9003CD95C /* Release */,
			);
			defaultConfigurationIsVisible = 0;
		};
		10AF81AD1F7470C9003CD95C /* Build configuration list for PBXNativeTarget "Project1Tests" */ = {
			isa = XCConfigurationList;
			buildConfigurations = (
				10AF81AE1F7470C9003CD95C /* Debug */,
				10AF81AF1F7470C9003CD95C /* Release */,
			);
			defaultConfigurationIsVisible = 0;
		};
		10AF81B01F7470C9003CD95C /* Build configuration list for PBXNativeTarget "Project1UITests" */ = {
			isa = XCConfigurationList;
			buildConfigurations = (
				10AF81B11F7470C9003CD95C /* Debug */,
				10AF81B21F7470C9003CD95C /* Release */,
			);
			defaultConfigurationIsVisible = 0;
		};
/* End XCConfigurationList section */
	};
	rootObject = 10AF817A1F7470C8003CD95C /* Project object */;
}
